
Microsoft Visual Studio Solution File, Format Version 12.00
# Visual Studio 15
VisualStudioVersion = 15.0.28307.1972
MinimumVisualStudioVersion = 10.0.40219.1
Project("{FAE04EC0-301F-11D3-BF4B-00C04F79EFBC}") = "Simvol", "Simvol\Simvol.csproj", "{80E4AA17-0712-432D-84F5-C5888D4A273F}"
EndProject
Global
	GlobalSection(SolutionConfigurationPlatforms) = preSolution
		Debug|Any CPU = Debug|Any CPU
		Release|Any CPU = Release|Any CPU
	EndGlobalSection
	GlobalSection(ProjectConfigurationPlatforms) = postSolution
		{80E4AA17-0712-432D-84F5-C5888D4A273F}.Debug|Any CPU.ActiveCfg = Debug|Any CPU
		{80E4AA17-0712-432D-84F5-C5888D4A273F}.Debug|Any CPU.Build.0 = Debug|Any CPU
		{80E4AA17-0712-432D-84F5-C5888D4A273F}.Release|Any CPU.ActiveCfg = Release|Any CPU
		{80E4AA17-0712-432D-84F5-C5888D4A273F}.Release|Any CPU.Build.0 = Release|Any CPU
	EndGlobalSection
	GlobalSection(SolutionProperties) = preSolution
		HideSolutionNode = FALSE
	EndGlobalSection
	GlobalSection(ExtensibilityGlobals) = postSolution
		SolutionGuid = {B45C88E6-68EF-41B5-AB9E-F3ECF44D2A95}
	EndGlobalSection
EndGlobal
